# THIS IS AN AUTOGENERATED FILE. DO NOT EDIT THIS FILE DIRECTLY.
# yarn lockfile v1


d3@3.5.17:
  version "3.5.17"
  resolved "https://registry.yarnpkg.com/d3/-/d3-3.5.17.tgz#bc46748004378b21a360c9fc7cf5231790762fb8"

dagre-d3-renderer@^0.4.24:
  version "0.4.24"
  resolved "https://registry.yarnpkg.com/dagre-d3-renderer/-/dagre-d3-renderer-0.4.24.tgz#b36ce2fe4ea20de43e7698627c6ede2a9f15ec45"
  dependencies:
    d3 "3.5.17"
    dagre-layout "^0.8.0"
    graphlib "^2.1.1"
    lodash "^4.17.4"

dagre-layout@^0.8.0:
  version "0.8.0"
  resolved "https://registry.yarnpkg.com/dagre-layout/-/dagre-layout-0.8.0.tgz#7147b6afb655602f855158dfea171db9aa98d4ff"
  dependencies:
    graphlib "^2.1.1"
    lodash "^4.17.4"

graphlib@^2.1.1:
  version "2.1.1"
  resolved "https://registry.yarnpkg.com/graphlib/-/graphlib-2.1.1.tgz#42352c52ba2f4d035cb566eb91f7395f76ebc951"
  dependencies:
    lodash "^4.11.1"

he@^1.1.1:
  version "1.1.1"
  resolved "https://registry.yarnpkg.com/he/-/he-1.1.1.tgz#93410fd21b009735151f8868c2f271f3427e23fd"

lodash@^4.11.1, lodash@^4.17.4:
  version "4.17.4"
  resolved "https://registry.yarnpkg.com/lodash/-/lodash-4.17.4.tgz#78203a4d1c328ae1d86dca6460e369b57f4055ae"

mermaid@^7.1.0:
  version "7.1.0"
  resolved "https://registry.yarnpkg.com/mermaid/-/mermaid-7.1.0.tgz#c9080e7b517adb8adb582470755799348bf127a2"
  dependencies:
    d3 "3.5.17"
    dagre-d3-renderer "^0.4.24"
    dagre-layout "^0.8.0"
    he "^1.1.1"
    lodash "^4.17.4"
    moment "^2.18.1"

moment@^2.18.1:
  version "2.19.2"
  resolved "https://registry.yarnpkg.com/moment/-/moment-2.19.2.tgz#8a7f774c95a64550b4c7ebd496683908f9419dbe"
